// !$*UTF8*$!
{
	archiveVersion = 1;
	classes = {
	};
	objectVersion = 46;
	objects = {

/* Begin PBXBuildFile section */
		C391CB6D1B8EF7C100FF63DB /* main.m in Sources */ = {isa = PBXBuildFile; fileRef = C391CB6C1B8EF7C100FF63DB /* main.m */; };
		C391CB751B8EF83D00FF63DB /* Controller.m in Sources */ = {isa = PBXBuildFile; fileRef = C391CB741B8EF83D00FF63DB /* Controller.m */; };
/* End PBXBuildFile section */

/* Begin PBXCopyFilesBuildPhase section */
		C391CB671B8EF7C100FF63DB /* CopyFiles */ = {
			isa = PBXCopyFilesBuildPhase;
			buildActionMask = 2147483647;
			dstPath = /usr/share/man/man1/;
			dstSubfolderSpec = 0;
			files = (
			);
			runOnlyForDeploymentPostprocessing = 1;
		};
/* End PBXCopyFilesBuildPhase section */

/* Begin PBXFileReference section */
		C391CB691B8EF7C100FF63DB /* MVC银行 */ = {isa = PBXFileReference; explicitFileType = "compiled.mach-o.executable"; includeInIndex = 0; path = "MVC银行"; sourceTree = BUILT_PRODUCTS_DIR; };
		C391CB6C1B8EF7C100FF63DB /* main.m */ = {isa = PBXFileReference; lastKnownFileType = sourcecode.c.objc; path = main.m; sourceTree = "<group>"; };
		C391CB731B8EF83D00FF63DB /* Controller.h */ = {isa = PBXFileReference; fileEncoding = 4; lastKnownFileType = sourcecode.c.h; path = Controller.h; sourceTree = "<group>"; };
		C391CB741B8EF83D00FF63DB /* Controller.m */ = {isa = PBXFileReference; fileEncoding = 4; lastKnownFileType = sourcecode.c.objc; path = Controller.m; sourceTree = "<group>"; };
/* End PBXFileReference section */

/* Begin PBXFrameworksBuildPhase section */
		C391CB661B8EF7C100FF63DB /* Frameworks */ = {
			isa = PBXFrameworksBuildPhase;
			buildActionMask = 2147483647;
			files = (
			);
			runOnlyForDeploymentPostprocessing = 0;
		};
/* End PBXFrameworksBuildPhase section */

/* Begin PBXGroup section */
		C391CB601B8EF7C100FF63DB = {
			isa = PBXGroup;
			children = (
				C391CB6B1B8EF7C100FF63DB /* MVC银行 */,
				C391CB6A1B8EF7C100FF63DB /* Products */,
			);
			sourceTree = "<group>";
		};
		C391CB6A1B8EF7C100FF63DB /* Products */ = {
			isa = PBXGroup;
			children = (
				C391CB691B8EF7C100FF63DB /* MVC银行 */,
			);
			name = Products;
			sourceTree = "<group>";
		};
		C391CB6B1B8EF7C100FF63DB /* MVC银行 */ = {
			isa = PBXGroup;
			children = (
				C391CB6C1B8EF7C100FF63DB /* main.m */,
				C391CB731B8EF83D00FF63DB /* Controller.h */,
				C391CB741B8EF83D00FF63DB /* Controller.m */,
			);
			path = "MVC银行";
			sourceTree = "<group>";
		};
/* End PBXGroup section */

/* Begin PBXNativeTarget section */
		C391CB681B8EF7C100FF63DB /* MVC银行 */ = {
			isa = PBXNativeTarget;
			buildConfigurationList = C391CB701B8EF7C100FF63DB /* Build configuration list for PBXNativeTarget "MVC银行" */;
			buildPhases = (
				C391CB651B8EF7C100FF63DB /* Sources */,
				C391CB661B8EF7C100FF63DB /* Frameworks */,
				C391CB671B8EF7C100FF63DB /* CopyFiles */,
			);
			buildRules = (
			);
			dependencies = (
			);
			name = "MVC银行";
			productName = "MVC银行";
			productReference = C391CB691B8EF7C100FF63DB /* MVC银行 */;
			productType = "com.apple.product-type.tool";
		};
/* End PBXNativeTarget section */

/* Begin PBXProject section */
		C391CB611B8EF7C100FF63DB /* Project object */ = {
			isa = PBXProject;
			attributes = {
				LastUpgradeCheck = 0630;
				ORGANIZATIONNAME = "apple-jd28";
				TargetAttributes = {
					C391CB681B8EF7C100FF63DB = {
						CreatedOnToolsVersion = 6.3;
					};
				};
			};
			buildConfigurationList = C391CB641B8EF7C100FF63DB /* Build configuration list for PBXProject "MVC银行" */;
			compatibilityVersion = "Xcode 3.2";
			developmentRegion = English;
			hasScannedForEncodings = 0;
			knownRegions = (
				en,
			);
			mainGroup = C391CB601B8EF7C100FF63DB;
			productRefGroup = C391CB6A1B8EF7C100FF63DB /* Products */;
			projectDirPath = "";
			projectRoot = "";
			targets = (
				C391CB681B8EF7C100FF63DB /* MVC银行 */,
			);
		};
/* End PBXProject section */

/* Begin PBXSourcesBuildPhase section */
		C391CB651B8EF7C100FF63DB /* Sources */ = {
			isa = PBXSourcesBuildPhase;
			buildActionMask = 2147483647;
			files = (
				C391CB6D1B8EF7C100FF63DB /* main.m in Sources */,
				C391CB751B8EF83D00FF63DB /* Controller.m in Sources */,
			);
			runOnlyForDeploymentPostprocessing = 0;
		};
/* End PBXSourcesBuildPhase section */

/* Begin XCBuildConfiguration section */
		C391CB6E1B8EF7C100FF63DB /* Debug */ = {
			isa = XCBuildConfiguration;
			buildSettings = {
				ALWAYS_SEARCH_USER_PATHS = NO;
				CLANG_CXX_LANGUAGE_STANDARD = "gnu++0x";
				CLANG_CXX_LIBRARY = "libc++";
				CLANG_ENABLE_MODULES = YES;
				CLANG_ENABLE_OBJC_ARC = YES;
				CLANG_WARN_BOOL_CONVERSION = YES;
				CLANG_WARN_CONSTANT_CONVERSION = YES;
				CLANG_WARN_DIRECT_OBJC_ISA_USAGE = YES_ERROR;
				CLANG_WARN_EMPTY_BODY = YES;
				CLANG_WARN_ENUM_CONVERSION = YES;
				CLANG_WARN_INT_CONVERSION = YES;
				CLANG_WARN_OBJC_ROOT_CLASS = YES_ERROR;
				CLANG_WARN_UNREACHABLE_CODE = YES;
				CLANG_WARN__DUPLICATE_METHOD_MATCH = YES;
				COPY_PHASE_STRIP = NO;
				DEBUG_INFORMATION_FORMAT = dwarf;
				ENABLE_STRICT_OBJC_MSGSEND = YES;
				GCC_C_LANGUAGE_STANDARD = gnu99;
				GCC_DYNAMIC_NO_PIC = NO;
				GCC_NO_COMMON_BLOCKS = YES;
				GCC_OPTIMIZATION_LEVEL = 0;
				GCC_PREPROCESSOR_DEFINITIONS = (
					"DEBUG=1",
					"$(inherited)",
				);
				GCC_SYMBOLS_PRIVATE_EXTERN = NO;
				GCC_WARN_64_TO_32_BIT_CONVERSION = YES;
				GCC_WARN_ABOUT_RETURN_TYPE = YES_ERROR;
				GCC_WARN_UNDECLARED_SELECTOR = YES;
				GCC_WARN_UNINITIALIZED_AUTOS = YES_AGGRESSIVE;
				GCC_WARN_UNUSED_FUNCTION = YES;
				GCC_WARN_UNUSED_VARIABLE = YES;
				MACOSX_DEPLOYMENT_TARGET = 10.10;
				MTL_ENABLE_DEBUG_INFO = YES;
				ONLY_ACTIVE_ARCH = YES;
				SDKROOT = macosx;
			};
			name = Debug;
		};
		C391CB6F1B8EF7C100FF63DB /* Release */ = {
			isa = XCBuildConfiguration;
			buildSettings = {
				ALWAYS_SEARCH_USER_PATHS = NO;
				CLANG_CXX_LANGUAGE_STANDARD = "gnu++0x";
				CLANG_CXX_LIBRARY = "libc++";
				CLANG_ENABLE_MODULES = YES;
				CLANG_ENABLE_OBJC_ARC = YES;
				CLANG_WARN_BOOL_CONVERSION = YES;
				CLANG_WARN_CONSTANT_CONVERSION = YES;
				CLANG_WARN_DIRECT_OBJC_ISA_USAGE = YES_ERROR;
				CLANG_WARN_EMPTY_BODY = YES;
				CLANG_WARN_ENUM_CONVERSION = YES;
				CLANG_WARN_INT_CONVERSION = YES;
				CLANG_WARN_OBJC_ROOT_CLASS = YES_ERROR;
				CLANG_WARN_UNREACHABLE_CODE = YES;
				CLANG_WARN__DUPLICATE_METHOD_MATCH = YES;
				COPY_PHASE_STRIP = NO;
				DEBUG_INFORMATION_FORMAT = "dwarf-with-dsym";
				ENABLE_NS_ASSERTIONS = NO;
				ENABLE_STRICT_OBJC_MSGSEND = YES;
				GCC_C_LANGUAGE_STANDARD = gnu99;
				GCC_NO_COMMON_BLOCKS = YES;
				GCC_WARN_64_TO_32_BIT_CONVERSION = YES;
				GCC_WARN_ABOUT_RETURN_TYPE = YES_ERROR;
				GCC_WARN_UNDECLARED_SELECTOR = YES;
				GCC_WARN_UNINITIALIZED_AUTOS = YES_AGGRESSIVE;
				GCC_WARN_UNUSED_FUNCTION = YES;
				GCC_WARN_UNUSED_VARIABLE = YES;
				MACOSX_DEPLOYMENT_TARGET = 10.10;
				MTL_ENABLE_DEBUG_INFO = NO;
				SDKROOT = macosx;
			};
			name = Release;
		};
		C391CB711B8EF7C100FF63DB /* Debug */ = {
			isa = XCBuildConfiguration;
			buildSettings = {
				PRODUCT_NAME = "$(TARGET_NAME)";
			};
			name = Debug;
		};
		C391CB721B8EF7C100FF63DB /* Release */ = {
			isa = XCBuildConfiguration;
			buildSettings = {
				PRODUCT_NAME = "$(TARGET_NAME)";
			};
			name = Release;
		};
/* End XCBuildConfiguration section */

/* Begin XCConfigurationList section */
		C391CB641B8EF7C100FF63DB /* Build configuration list for PBXProject "MVC银行" */ = {
			isa = XCConfigurationList;
			buildConfigurations = (
				C391CB6E1B8EF7C100FF63DB /* Debug */,
				C391CB6F1B8EF7C100FF63DB /* Release */,
			);
			defaultConfigurationIsVisible = 0;
			defaultConfigurationName = Release;
		};
		C391CB701B8EF7C100FF63DB /* Build configuration list for PBXNativeTarget "MVC银行" */ = {
			isa = XCConfigurationList;
			buildConfigurations = (
				C391CB711B8EF7C100FF63DB /* Debug */,
				C391CB721B8EF7C100FF63DB /* Release */,
			);
			defaultConfigurationIsVisible = 0;
		};
/* End XCConfigurationList section */
	};
	rootObject = C391CB611B8EF7C100FF63DB /* Project object */;
}
